// !$*UTF8*$!
{
	archiveVersion = 1;
	classes = {
	};
	objectVersion = 55;
	objects = {

/* Begin PBXBuildFile section */
		B7327D1C2789A869004EF0C1 /* UserLoginAppSwiftUIApp.swift in Sources */ = {isa = PBXBuildFile; fileRef = B7327D1B2789A869004EF0C1 /* UserLoginAppSwiftUIApp.swift */; };
		B7327D1E2789A869004EF0C1 /* ContentView.swift in Sources */ = {isa = PBXBuildFile; fileRef = B7327D1D2789A869004EF0C1 /* ContentView.swift */; };
		B7327D202789A86D004EF0C1 /* Assets.xcassets in Resources */ = {isa = PBXBuildFile; fileRef = B7327D1F2789A86D004EF0C1 /* Assets.xcassets */; };
		B7327D232789A86D004EF0C1 /* Preview Assets.xcassets in Resources */ = {isa = PBXBuildFile; fileRef = B7327D222789A86D004EF0C1 /* Preview Assets.xcassets */; };
		B7327D2A2789DB0E004EF0C1 /* StartButtonView.swift in Sources */ = {isa = PBXBuildFile; fileRef = B7327D292789DB0E004EF0C1 /* StartButtonView.swift */; };
		B7327D2C2789DF07004EF0C1 /* UserManager.swift in Sources */ = {isa = PBXBuildFile; fileRef = B7327D2B2789DF07004EF0C1 /* UserManager.swift */; };
		B7327D2E2789E735004EF0C1 /* TimeCounter.swift in Sources */ = {isa = PBXBuildFile; fileRef = B7327D2D2789E735004EF0C1 /* TimeCounter.swift */; };
		B7327D30278AAD71004EF0C1 /* LogOutButtonView.swift in Sources */ = {isa = PBXBuildFile; fileRef = B7327D2F278AAD71004EF0C1 /* LogOutButtonView.swift */; };
		B7327D32278AAE9F004EF0C1 /* StarterView.swift in Sources */ = {isa = PBXBuildFile; fileRef = B7327D31278AAE9F004EF0C1 /* StarterView.swift */; };
		B7327D34278AAED2004EF0C1 /* RegisterView.swift in Sources */ = {isa = PBXBuildFile; fileRef = B7327D33278AAED2004EF0C1 /* RegisterView.swift */; };
		B7327D36278AB3A9004EF0C1 /* RegisterButtonView.swift in Sources */ = {isa = PBXBuildFile; fileRef = B7327D35278AB3A9004EF0C1 /* RegisterButtonView.swift */; };
		B7327D38278AB670004EF0C1 /* CountTextView.swift in Sources */ = {isa = PBXBuildFile; fileRef = B7327D37278AB66F004EF0C1 /* CountTextView.swift */; };
		B7327D3A278ABD92004EF0C1 /* DataManager.swift in Sources */ = {isa = PBXBuildFile; fileRef = B7327D39278ABD92004EF0C1 /* DataManager.swift */; };
/* End PBXBuildFile section */

/* Begin PBXFileReference section */
		B7327D182789A869004EF0C1 /* UserLoginAppSwiftUI.app */ = {isa = PBXFileReference; explicitFileType = wrapper.application; includeInIndex = 0; path = UserLoginAppSwiftUI.app; sourceTree = BUILT_PRODUCTS_DIR; };
		B7327D1B2789A869004EF0C1 /* UserLoginAppSwiftUIApp.swift */ = {isa = PBXFileReference; lastKnownFileType = sourcecode.swift; path = UserLoginAppSwiftUIApp.swift; sourceTree = "<group>"; };
		B7327D1D2789A869004EF0C1 /* ContentView.swift */ = {isa = PBXFileReference; lastKnownFileType = sourcecode.swift; path = ContentView.swift; sourceTree = "<group>"; };
		B7327D1F2789A86D004EF0C1 /* Assets.xcassets */ = {isa = PBXFileReference; lastKnownFileType = folder.assetcatalog; path = Assets.xcassets; sourceTree = "<group>"; };
		B7327D222789A86D004EF0C1 /* Preview Assets.xcassets */ = {isa = PBXFileReference; lastKnownFileType = folder.assetcatalog; path = "Preview Assets.xcassets"; sourceTree = "<group>"; };
		B7327D292789DB0E004EF0C1 /* StartButtonView.swift */ = {isa = PBXFileReference; lastKnownFileType = sourcecode.swift; path = StartButtonView.swift; sourceTree = "<group>"; };
		B7327D2B2789DF07004EF0C1 /* UserManager.swift */ = {isa = PBXFileReference; lastKnownFileType = sourcecode.swift; path = UserManager.swift; sourceTree = "<group>"; };
		B7327D2D2789E735004EF0C1 /* TimeCounter.swift */ = {isa = PBXFileReference; fileEncoding = 4; lastKnownFileType = sourcecode.swift; path = TimeCounter.swift; sourceTree = "<group>"; };
		B7327D2F278AAD71004EF0C1 /* LogOutButtonView.swift */ = {isa = PBXFileReference; lastKnownFileType = sourcecode.swift; path = LogOutButtonView.swift; sourceTree = "<group>"; };
		B7327D31278AAE9F004EF0C1 /* StarterView.swift */ = {isa = PBXFileReference; fileEncoding = 4; lastKnownFileType = sourcecode.swift; path = StarterView.swift; sourceTree = "<group>"; };
		B7327D33278AAED2004EF0C1 /* RegisterView.swift */ = {isa = PBXFileReference; fileEncoding = 4; lastKnownFileType = sourcecode.swift; path = RegisterView.swift; sourceTree = "<group>"; };
		B7327D35278AB3A9004EF0C1 /* RegisterButtonView.swift */ = {isa = PBXFileReference; lastKnownFileType = sourcecode.swift; path = RegisterButtonView.swift; sourceTree = "<group>"; };
		B7327D37278AB66F004EF0C1 /* CountTextView.swift */ = {isa = PBXFileReference; lastKnownFileType = sourcecode.swift; path = CountTextView.swift; sourceTree = "<group>"; };
		B7327D39278ABD92004EF0C1 /* DataManager.swift */ = {isa = PBXFileReference; fileEncoding = 4; lastKnownFileType = sourcecode.swift; path = DataManager.swift; sourceTree = "<group>"; };
/* End PBXFileReference section */

/* Begin PBXFrameworksBuildPhase section */
		B7327D152789A869004EF0C1 /* Frameworks */ = {
			isa = PBXFrameworksBuildPhase;
			buildActionMask = 2147483647;
			files = (
			);
			runOnlyForDeploymentPostprocessing = 0;
		};
/* End PBXFrameworksBuildPhase section */

/* Begin PBXGroup section */
		B7327D0F2789A869004EF0C1 = {
			isa = PBXGroup;
			children = (
				B7327D1A2789A869004EF0C1 /* UserLoginAppSwiftUI */,
				B7327D192789A869004EF0C1 /* Products */,
			);
			sourceTree = "<group>";
		};
		B7327D192789A869004EF0C1 /* Products */ = {
			isa = PBXGroup;
			children = (
				B7327D182789A869004EF0C1 /* UserLoginAppSwiftUI.app */,
			);
			name = Products;
			sourceTree = "<group>";
		};
		B7327D1A2789A869004EF0C1 /* UserLoginAppSwiftUI */ = {
			isa = PBXGroup;
			children = (
				B7327D1B2789A869004EF0C1 /* UserLoginAppSwiftUIApp.swift */,
				B7327D1D2789A869004EF0C1 /* ContentView.swift */,
				B7327D31278AAE9F004EF0C1 /* StarterView.swift */,
				B7327D33278AAED2004EF0C1 /* RegisterView.swift */,
				B7327D37278AB66F004EF0C1 /* CountTextView.swift */,
				B7327D35278AB3A9004EF0C1 /* RegisterButtonView.swift */,
				B7327D2D2789E735004EF0C1 /* TimeCounter.swift */,
				B7327D292789DB0E004EF0C1 /* StartButtonView.swift */,
				B7327D2F278AAD71004EF0C1 /* LogOutButtonView.swift */,
				B7327D2B2789DF07004EF0C1 /* UserManager.swift */,
				B7327D39278ABD92004EF0C1 /* DataManager.swift */,
				B7327D1F2789A86D004EF0C1 /* Assets.xcassets */,
				B7327D212789A86D004EF0C1 /* Preview Content */,
			);
			path = UserLoginAppSwiftUI;
			sourceTree = "<group>";
		};
		B7327D212789A86D004EF0C1 /* Preview Content */ = {
			isa = PBXGroup;
			children = (
				B7327D222789A86D004EF0C1 /* Preview Assets.xcassets */,
			);
			path = "Preview Content";
			sourceTree = "<group>";
		};
/* End PBXGroup section */

/* Begin PBXNativeTarget section */
		B7327D172789A869004EF0C1 /* UserLoginAppSwiftUI */ = {
			isa = PBXNativeTarget;
			buildConfigurationList = B7327D262789A86D004EF0C1 /* Build configuration list for PBXNativeTarget "UserLoginAppSwiftUI" */;
			buildPhases = (
				B7327D142789A869004EF0C1 /* Sources */,
				B7327D152789A869004EF0C1 /* Frameworks */,
				B7327D162789A869004EF0C1 /* Resources */,
			);
			buildRules = (
			);
			dependencies = (
			);
			name = UserLoginAppSwiftUI;
			productName = UserLoginAppSwiftUI;
			productReference = B7327D182789A869004EF0C1 /* UserLoginAppSwiftUI.app */;
			productType = "com.apple.product-type.application";
		};
/* End PBXNativeTarget section */

/* Begin PBXProject section */
		B7327D102789A869004EF0C1 /* Project object */ = {
			isa = PBXProject;
			attributes = {
				BuildIndependentTargetsInParallel = 1;
				LastSwiftUpdateCheck = 1320;
				LastUpgradeCheck = 1320;
				TargetAttributes = {
					B7327D172789A869004EF0C1 = {
						CreatedOnToolsVersion = 13.2.1;
					};
				};
			};
			buildConfigurationList = B7327D132789A869004EF0C1 /* Build configuration list for PBXProject "UserLoginAppSwiftUI" */;
			compatibilityVersion = "Xcode 13.0";
			developmentRegion = en;
			hasScannedForEncodings = 0;
			knownRegions = (
				en,
				Base,
			);
			mainGroup = B7327D0F2789A869004EF0C1;
			productRefGroup = B7327D192789A869004EF0C1 /* Products */;
			projectDirPath = "";
			projectRoot = "";
			targets = (
				B7327D172789A869004EF0C1 /* UserLoginAppSwiftUI */,
			);
		};
/* End PBXProject section */

/* Begin PBXResourcesBuildPhase section */
		B7327D162789A869004EF0C1 /* Resources */ = {
			isa = PBXResourcesBuildPhase;
			buildActionMask = 2147483647;
			files = (
				B7327D232789A86D004EF0C1 /* Preview Assets.xcassets in Resources */,
				B7327D202789A86D004EF0C1 /* Assets.xcassets in Resources */,
			);
			runOnlyForDeploymentPostprocessing = 0;
		};
/* End PBXResourcesBuildPhase section */

/* Begin PBXSourcesBuildPhase section */
		B7327D142789A869004EF0C1 /* Sources */ = {
			isa = PBXSourcesBuildPhase;
			buildActionMask = 2147483647;
			files = (
				B7327D32278AAE9F004EF0C1 /* StarterView.swift in Sources */,
				B7327D30278AAD71004EF0C1 /* LogOutButtonView.swift in Sources */,
				B7327D2C2789DF07004EF0C1 /* UserManager.swift in Sources */,
				B7327D1E2789A869004EF0C1 /* ContentView.swift in Sources */,
				B7327D1C2789A869004EF0C1 /* UserLoginAppSwiftUIApp.swift in Sources */,
				B7327D34278AAED2004EF0C1 /* RegisterView.swift in Sources */,
				B7327D2E2789E735004EF0C1 /* TimeCounter.swift in Sources */,
				B7327D2A2789DB0E004EF0C1 /* StartButtonView.swift in Sources */,
				B7327D3A278ABD92004EF0C1 /* DataManager.swift in Sources */,
				B7327D36278AB3A9004EF0C1 /* RegisterButtonView.swift in Sources */,
				B7327D38278AB670004EF0C1 /* CountTextView.swift in Sources */,
			);
			runOnlyForDeploymentPostprocessing = 0;
		};
/* End PBXSourcesBuildPhase section */

/* Begin XCBuildConfiguration section */
		B7327D242789A86D004EF0C1 /* Debug */ = {
			isa = XCBuildConfiguration;
			buildSettings = {
				ALWAYS_SEARCH_USER_PATHS = NO;
				CLANG_ANALYZER_NONNULL = YES;
				CLANG_ANALYZER_NUMBER_OBJECT_CONVERSION = YES_AGGRESSIVE;
				CLANG_CXX_LANGUAGE_STANDARD = "gnu++17";
				CLANG_CXX_LIBRARY = "libc++";
				CLANG_ENABLE_MODULES = YES;
				CLANG_ENABLE_OBJC_ARC = YES;
				CLANG_ENABLE_OBJC_WEAK = YES;
				CLANG_WARN_BLOCK_CAPTURE_AUTORELEASING = YES;
				CLANG_WARN_BOOL_CONVERSION = YES;
				CLANG_WARN_COMMA = YES;
				CLANG_WARN_CONSTANT_CONVERSION = YES;
				CLANG_WARN_DEPRECATED_OBJC_IMPLEMENTATIONS = YES;
				CLANG_WARN_DIRECT_OBJC_ISA_USAGE = YES_ERROR;
				CLANG_WARN_DOCUMENTATION_COMMENTS = YES;
				CLANG_WARN_EMPTY_BODY = YES;
				CLANG_WARN_ENUM_CONVERSION = YES;
				CLANG_WARN_INFINITE_RECURSION = YES;
				CLANG_WARN_INT_CONVERSION = YES;
				CLANG_WARN_NON_LITERAL_NULL_CONVERSION = YES;
				CLANG_WARN_OBJC_IMPLICIT_RETAIN_SELF = YES;
				CLANG_WARN_OBJC_LITERAL_CONVERSION = YES;
				CLANG_WARN_OBJC_ROOT_CLASS = YES_ERROR;
				CLANG_WARN_QUOTED_INCLUDE_IN_FRAMEWORK_HEADER = YES;
				CLANG_WARN_RANGE_LOOP_ANALYSIS = YES;
				CLANG_WARN_STRICT_PROTOTYPES = YES;
				CLANG_WARN_SUSPICIOUS_MOVE = YES;
				CLANG_WARN_UNGUARDED_AVAILABILITY = YES_AGGRESSIVE;
				CLANG_WARN_UNREACHABLE_CODE = YES;
				CLANG_WARN__DUPLICATE_METHOD_MATCH = YES;
				COPY_PHASE_STRIP = NO;
				DEBUG_INFORMATION_FORMAT = dwarf;
				ENABLE_STRICT_OBJC_MSGSEND = YES;
				ENABLE_TESTABILITY = YES;
				GCC_C_LANGUAGE_STANDARD = gnu11;
				GCC_DYNAMIC_NO_PIC = NO;
				GCC_NO_COMMON_BLOCKS = YES;
				GCC_OPTIMIZATION_LEVEL = 0;
				GCC_PREPROCESSOR_DEFINITIONS = (
					"DEBUG=1",
					"$(inherited)",
				);
				GCC_WARN_64_TO_32_BIT_CONVERSION = YES;
				GCC_WARN_ABOUT_RETURN_TYPE = YES_ERROR;
				GCC_WARN_UNDECLARED_SELECTOR = YES;
				GCC_WARN_UNINITIALIZED_AUTOS = YES_AGGRESSIVE;
				GCC_WARN_UNUSED_FUNCTION = YES;
				GCC_WARN_UNUSED_VARIABLE = YES;
				IPHONEOS_DEPLOYMENT_TARGET = 15.2;
				MTL_ENABLE_DEBUG_INFO = INCLUDE_SOURCE;
				MTL_FAST_MATH = YES;
				ONLY_ACTIVE_ARCH = YES;
				SDKROOT = iphoneos;
				SWIFT_ACTIVE_COMPILATION_CONDITIONS = DEBUG;
				SWIFT_OPTIMIZATION_LEVEL = "-Onone";
			};
			name = Debug;
		};
		B7327D252789A86D004EF0C1 /* Release */ = {
			isa = XCBuildConfiguration;
			buildSettings = {
				ALWAYS_SEARCH_USER_PATHS = NO;
				CLANG_ANALYZER_NONNULL = YES;
				CLANG_ANALYZER_NUMBER_OBJECT_CONVERSION = YES_AGGRESSIVE;
				CLANG_CXX_LANGUAGE_STANDARD = "gnu++17";
				CLANG_CXX_LIBRARY = "libc++";
				CLANG_ENABLE_MODULES = YES;
				CLANG_ENABLE_OBJC_ARC = YES;
				CLANG_ENABLE_OBJC_WEAK = YES;
				CLANG_WARN_BLOCK_CAPTURE_AUTORELEASING = YES;
				CLANG_WARN_BOOL_CONVERSION = YES;
				CLANG_WARN_COMMA = YES;
				CLANG_WARN_CONSTANT_CONVERSION = YES;
				CLANG_WARN_DEPRECATED_OBJC_IMPLEMENTATIONS = YES;
				CLANG_WARN_DIRECT_OBJC_ISA_USAGE = YES_ERROR;
				CLANG_WARN_DOCUMENTATION_COMMENTS = YES;
				CLANG_WARN_EMPTY_BODY = YES;
				CLANG_WARN_ENUM_CONVERSION = YES;
				CLANG_WARN_INFINITE_RECURSION = YES;
				CLANG_WARN_INT_CONVERSION = YES;
				CLANG_WARN_NON_LITERAL_NULL_CONVERSION = YES;
				CLANG_WARN_OBJC_IMPLICIT_RETAIN_SELF = YES;
				CLANG_WARN_OBJC_LITERAL_CONVERSION = YES;
				CLANG_WARN_OBJC_ROOT_CLASS = YES_ERROR;
				CLANG_WARN_QUOTED_INCLUDE_IN_FRAMEWORK_HEADER = YES;
				CLANG_WARN_RANGE_LOOP_ANALYSIS = YES;
				CLANG_WARN_STRICT_PROTOTYPES = YES;
				CLANG_WARN_SUSPICIOUS_MOVE = YES;
				CLANG_WARN_UNGUARDED_AVAILABILITY = YES_AGGRESSIVE;
				CLANG_WARN_UNREACHABLE_CODE = YES;
				CLANG_WARN__DUPLICATE_METHOD_MATCH = YES;
				COPY_PHASE_STRIP = NO;
				DEBUG_INFORMATION_FORMAT = "dwarf-with-dsym";
				ENABLE_NS_ASSERTIONS = NO;
				ENABLE_STRICT_OBJC_MSGSEND = YES;
				GCC_C_LANGUAGE_STANDARD = gnu11;
				GCC_NO_COMMON_BLOCKS = YES;
				GCC_WARN_64_TO_32_BIT_CONVERSION = YES;
				GCC_WARN_ABOUT_RETURN_TYPE = YES_ERROR;
				GCC_WARN_UNDECLARED_SELECTOR = YES;
				GCC_WARN_UNINITIALIZED_AUTOS = YES_AGGRESSIVE;
				GCC_WARN_UNUSED_FUNCTION = YES;
				GCC_WARN_UNUSED_VARIABLE = YES;
				IPHONEOS_DEPLOYMENT_TARGET = 15.2;
				MTL_ENABLE_DEBUG_INFO = NO;
				MTL_FAST_MATH = YES;
				SDKROOT = iphoneos;
				SWIFT_COMPILATION_MODE = wholemodule;
				SWIFT_OPTIMIZATION_LEVEL = "-O";
				VALIDATE_PRODUCT = YES;
			};
			name = Release;
		};
		B7327D272789A86D004EF0C1 /* Debug */ = {
			isa = XCBuildConfiguration;
			buildSettings = {
				ASSETCATALOG_COMPILER_APPICON_NAME = AppIcon;
				ASSETCATALOG_COMPILER_GLOBAL_ACCENT_COLOR_NAME = AccentColor;
				CODE_SIGN_STYLE = Automatic;
				CURRENT_PROJECT_VERSION = 1;
				DEVELOPMENT_ASSET_PATHS = "\"UserLoginAppSwiftUI/Preview Content\"";
				DEVELOPMENT_TEAM = W692V8R62W;
				ENABLE_PREVIEWS = YES;
				GENERATE_INFOPLIST_FILE = YES;
				INFOPLIST_KEY_UIApplicationSceneManifest_Generation = YES;
				INFOPLIST_KEY_UIApplicationSupportsIndirectInputEvents = YES;
				INFOPLIST_KEY_UILaunchScreen_Generation = YES;
				INFOPLIST_KEY_UISupportedInterfaceOrientations_iPad = "UIInterfaceOrientationPortrait UIInterfaceOrientationPortraitUpsideDown UIInterfaceOrientationLandscapeLeft UIInterfaceOrientationLandscapeRight";
				INFOPLIST_KEY_UISupportedInterfaceOrientations_iPhone = "UIInterfaceOrientationPortrait UIInterfaceOrientationLandscapeLeft UIInterfaceOrientationLandscapeRight";
				LD_RUNPATH_SEARCH_PATHS = (
					"$(inherited)",
					"@executable_path/Frameworks",
				);
				MARKETING_VERSION = 1.0;
				PRODUCT_BUNDLE_IDENTIFIER = ru.efimov.school.UserLoginAppSwiftUI;
				PRODUCT_NAME = "$(TARGET_NAME)";
				SWIFT_EMIT_LOC_STRINGS = YES;
				SWIFT_VERSION = 5.0;
				TARGETED_DEVICE_FAMILY = "1,2";
			};
			name = Debug;
		};
		B7327D282789A86D004EF0C1 /* Release */ = {
			isa = XCBuildConfiguration;
			buildSettings = {
				ASSETCATALOG_COMPILER_APPICON_NAME = AppIcon;
				ASSETCATALOG_COMPILER_GLOBAL_ACCENT_COLOR_NAME = AccentColor;
				CODE_SIGN_STYLE = Automatic;
				CURRENT_PROJECT_VERSION = 1;
				DEVELOPMENT_ASSET_PATHS = "\"UserLoginAppSwiftUI/Preview Content\"";
				DEVELOPMENT_TEAM = W692V8R62W;
				ENABLE_PREVIEWS = YES;
				GENERATE_INFOPLIST_FILE = YES;
				INFOPLIST_KEY_UIApplicationSceneManifest_Generation = YES;
				INFOPLIST_KEY_UIApplicationSupportsIndirectInputEvents = YES;
				INFOPLIST_KEY_UILaunchScreen_Generation = YES;
				INFOPLIST_KEY_UISupportedInterfaceOrientations_iPad = "UIInterfaceOrientationPortrait UIInterfaceOrientationPortraitUpsideDown UIInterfaceOrientationLandscapeLeft UIInterfaceOrientationLandscapeRight";
				INFOPLIST_KEY_UISupportedInterfaceOrientations_iPhone = "UIInterfaceOrientationPortrait UIInterfaceOrientationLandscapeLeft UIInterfaceOrientationLandscapeRight";
				LD_RUNPATH_SEARCH_PATHS = (
					"$(inherited)",
					"@executable_path/Frameworks",
				);
				MARKETING_VERSION = 1.0;
				PRODUCT_BUNDLE_IDENTIFIER = ru.efimov.school.UserLoginAppSwiftUI;
				PRODUCT_NAME = "$(TARGET_NAME)";
				SWIFT_EMIT_LOC_STRINGS = YES;
				SWIFT_VERSION = 5.0;
				TARGETED_DEVICE_FAMILY = "1,2";
			};
			name = Release;
		};
/* End XCBuildConfiguration section */

/* Begin XCConfigurationList section */
		B7327D132789A869004EF0C1 /* Build configuration list for PBXProject "UserLoginAppSwiftUI" */ = {
			isa = XCConfigurationList;
			buildConfigurations = (
				B7327D242789A86D004EF0C1 /* Debug */,
				B7327D252789A86D004EF0C1 /* Release */,
			);
			defaultConfigurationIsVisible = 0;
			defaultConfigurationName = Release;
		};
		B7327D262789A86D004EF0C1 /* Build configuration list for PBXNativeTarget "UserLoginAppSwiftUI" */ = {
			isa = XCConfigurationList;
			buildConfigurations = (
				B7327D272789A86D004EF0C1 /* Debug */,
				B7327D282789A86D004EF0C1 /* Release */,
			);
			defaultConfigurationIsVisible = 0;
			defaultConfigurationName = Release;
		};
/* End XCConfigurationList section */
	};
	rootObject = B7327D102789A869004EF0C1 /* Project object */;
}
